
Microsoft Visual Studio Solution File, Format Version 12.00
# Visual Studio 15
Project("{FAE04EC0-301F-11D3-BF4B-00C04F79EFBC}") = "Assembly-CSharp", "Assembly-CSharp.csproj", "{274CD9D5-9FD9-30E5-08B5-48BD7A2D84C4}"
EndProject
Project("{FAE04EC0-301F-11D3-BF4B-00C04F79EFBC}") = "Assembly-CSharp-Editor", "Assembly-CSharp-Editor.csproj", "{2EA4D8E8-9294-E488-E267-5E0910D6EF58}"
EndProject
Global
	GlobalSection(SolutionConfigurationPlatforms) = preSolution
		Debug|Any CPU = Debug|Any CPU
		Release|Any CPU = Release|Any CPU
	EndGlobalSection
	GlobalSection(ProjectConfigurationPlatforms) = postSolution
		{274CD9D5-9FD9-30E5-08B5-48BD7A2D84C4}.Debug|Any CPU.ActiveCfg = Debug|Any CPU
		{274CD9D5-9FD9-30E5-08B5-48BD7A2D84C4}.Debug|Any CPU.Build.0 = Debug|Any CPU
		{274CD9D5-9FD9-30E5-08B5-48BD7A2D84C4}.Release|Any CPU.ActiveCfg = Release|Any CPU
		{274CD9D5-9FD9-30E5-08B5-48BD7A2D84C4}.Release|Any CPU.Build.0 = Release|Any CPU
		{2EA4D8E8-9294-E488-E267-5E0910D6EF58}.Debug|Any CPU.ActiveCfg = Debug|Any CPU
		{2EA4D8E8-9294-E488-E267-5E0910D6EF58}.Debug|Any CPU.Build.0 = Debug|Any CPU
		{2EA4D8E8-9294-E488-E267-5E0910D6EF58}.Release|Any CPU.ActiveCfg = Release|Any CPU
		{2EA4D8E8-9294-E488-E267-5E0910D6EF58}.Release|Any CPU.Build.0 = Release|Any CPU
	EndGlobalSection
	GlobalSection(SolutionProperties) = preSolution
		HideSolutionNode = FALSE
	EndGlobalSection
EndGlobal
